
Microsoft Visual Studio Solution File, Format Version 12.00
# Visual Studio Version 17
VisualStudioVersion = 17.10.35027.167
MinimumVisualStudioVersion = 10.0.40219.1
Project("{FAE04EC0-301F-11D3-BF4B-00C04F79EFBC}") = "TestMongoCRUDwithDotNet8", "TestMongoCRUDwithDotNet8\TestMongoCRUDwithDotNet8.csproj", "{6493F05D-B7EB-49CA-B473-022102B73AE2}"
EndProject
Global
	GlobalSection(SolutionConfigurationPlatforms) = preSolution
		Debug|Any CPU = Debug|Any CPU
		Release|Any CPU = Release|Any CPU
	EndGlobalSection
	GlobalSection(ProjectConfigurationPlatforms) = postSolution
		{6493F05D-B7EB-49CA-B473-022102B73AE2}.Debug|Any CPU.ActiveCfg = Debug|Any CPU
		{6493F05D-B7EB-49CA-B473-022102B73AE2}.Debug|Any CPU.Build.0 = Debug|Any CPU
		{6493F05D-B7EB-49CA-B473-022102B73AE2}.Release|Any CPU.ActiveCfg = Release|Any CPU
		{6493F05D-B7EB-49CA-B473-022102B73AE2}.Release|Any CPU.Build.0 = Release|Any CPU
	EndGlobalSection
	GlobalSection(SolutionProperties) = preSolution
		HideSolutionNode = FALSE
	EndGlobalSection
	GlobalSection(ExtensibilityGlobals) = postSolution
		SolutionGuid = {DB9AD543-2144-4255-8197-8BDAD68D3E90}
	EndGlobalSection
EndGlobal
